
Microsoft Visual Studio Solution File, Format Version 12.00
# Visual Studio Version 17
VisualStudioVersion = 17.5.002.0
MinimumVisualStudioVersion = 10.0.40219.1
Project("{9A19103F-16F7-4668-BE54-9A1E7A4F7556}") = "MoreAdvancedCalculator", "MoreAdvancedCalculator.csproj", "{2D16B45B-DD3F-461F-9022-3C97257F816C}"
EndProject
Global
	GlobalSection(SolutionConfigurationPlatforms) = preSolution
		Debug|Any CPU = Debug|Any CPU
		Release|Any CPU = Release|Any CPU
	EndGlobalSection
	GlobalSection(ProjectConfigurationPlatforms) = postSolution
		{2D16B45B-DD3F-461F-9022-3C97257F816C}.Debug|Any CPU.ActiveCfg = Debug|Any CPU
		{2D16B45B-DD3F-461F-9022-3C97257F816C}.Debug|Any CPU.Build.0 = Debug|Any CPU
		{2D16B45B-DD3F-461F-9022-3C97257F816C}.Release|Any CPU.ActiveCfg = Release|Any CPU
		{2D16B45B-DD3F-461F-9022-3C97257F816C}.Release|Any CPU.Build.0 = Release|Any CPU
	EndGlobalSection
	GlobalSection(SolutionProperties) = preSolution
		HideSolutionNode = FALSE
	EndGlobalSection
	GlobalSection(ExtensibilityGlobals) = postSolution
		SolutionGuid = {8D231B71-354A-4307-B192-5BC97453D353}
	EndGlobalSection
EndGlobal
