
Microsoft Visual Studio Solution File, Format Version 12.00
# Visual Studio Version 17
VisualStudioVersion = 17.0.31903.59
MinimumVisualStudioVersion = 10.0.40219.1
Project("{FAE04EC0-301F-11D3-BF4B-00C04F79EFBC}") = "MoreAdvancedCalculator", "MoreAdvancedCalculator\MoreAdvancedCalculator.csproj", "{76635B00-8CAB-47C6-8925-A14077B7169D}"
EndProject
Global
	GlobalSection(SolutionConfigurationPlatforms) = preSolution
		Debug|Any CPU = Debug|Any CPU
		Release|Any CPU = Release|Any CPU
	EndGlobalSection
	GlobalSection(SolutionProperties) = preSolution
		HideSolutionNode = FALSE
	EndGlobalSection
	GlobalSection(ProjectConfigurationPlatforms) = postSolution
		{76635B00-8CAB-47C6-8925-A14077B7169D}.Debug|Any CPU.ActiveCfg = Debug|Any CPU
		{76635B00-8CAB-47C6-8925-A14077B7169D}.Debug|Any CPU.Build.0 = Debug|Any CPU
		{76635B00-8CAB-47C6-8925-A14077B7169D}.Release|Any CPU.ActiveCfg = Release|Any CPU
		{76635B00-8CAB-47C6-8925-A14077B7169D}.Release|Any CPU.Build.0 = Release|Any CPU
	EndGlobalSection
EndGlobal
